
Microsoft Visual Studio Solution File, Format Version 12.00
# Visual Studio Version 17
VisualStudioVersion = 17.0.31903.59
MinimumVisualStudioVersion = 10.0.40219.1
Project("{FAE04EC0-301F-11D3-BF4B-00C04F79EFBC}") = "DesafioTests", "DesafioTests\DesafioTests.csproj", "{913E6B8D-78E7-4EB4-B011-5154E74BCB61}"
EndProject
Project("{FAE04EC0-301F-11D3-BF4B-00C04F79EFBC}") = "DesafioApp", "DesafioApp\DesafioApp.csproj", "{73413F36-2878-452C-ABD8-F4E4A4B971E5}"
EndProject
Project("{2150E333-8FDC-42A3-9474-1A3956D46DE8}") = "Itens de Solução", "Itens de Solução", "{858F9A8D-2F9B-4434-8E2E-B93701A3814B}"
	ProjectSection(SolutionItems) = preProject
		.gitignore = .gitignore
	EndProjectSection
EndProject
Global
	GlobalSection(SolutionConfigurationPlatforms) = preSolution
		Debug|Any CPU = Debug|Any CPU
		Release|Any CPU = Release|Any CPU
	EndGlobalSection
	GlobalSection(ProjectConfigurationPlatforms) = postSolution
		{913E6B8D-78E7-4EB4-B011-5154E74BCB61}.Debug|Any CPU.ActiveCfg = Debug|Any CPU
		{913E6B8D-78E7-4EB4-B011-5154E74BCB61}.Debug|Any CPU.Build.0 = Debug|Any CPU
		{913E6B8D-78E7-4EB4-B011-5154E74BCB61}.Release|Any CPU.ActiveCfg = Release|Any CPU
		{913E6B8D-78E7-4EB4-B011-5154E74BCB61}.Release|Any CPU.Build.0 = Release|Any CPU
		{73413F36-2878-452C-ABD8-F4E4A4B971E5}.Debug|Any CPU.ActiveCfg = Debug|Any CPU
		{73413F36-2878-452C-ABD8-F4E4A4B971E5}.Debug|Any CPU.Build.0 = Debug|Any CPU
		{73413F36-2878-452C-ABD8-F4E4A4B971E5}.Release|Any CPU.ActiveCfg = Release|Any CPU
		{73413F36-2878-452C-ABD8-F4E4A4B971E5}.Release|Any CPU.Build.0 = Release|Any CPU
	EndGlobalSection
	GlobalSection(SolutionProperties) = preSolution
		HideSolutionNode = FALSE
	EndGlobalSection
EndGlobal
